
Microsoft Visual Studio Solution File, Format Version 12.00
# Visual Studio Version 16
VisualStudioVersion = 16.0.31829.152
MinimumVisualStudioVersion = 10.0.40219.1
Project("{FAE04EC0-301F-11D3-BF4B-00C04F79EFBC}") = "WebApi", "WebApi\WebApi.csproj", "{0B900524-2F05-47AF-BDD3-5171B9124AE8}"
EndProject
Project("{FAE04EC0-301F-11D3-BF4B-00C04F79EFBC}") = "DataAccess.EFCore", "DataAccess.EFCore\DataAccess.EFCore.csproj", "{314C816E-3E30-411A-8050-16CB85851BB6}"
EndProject
Project("{FAE04EC0-301F-11D3-BF4B-00C04F79EFBC}") = "Domain", "Domain\Domain.csproj", "{DB64F631-7455-452A-B3B7-D5D50AC1E871}"
EndProject
Global
	GlobalSection(SolutionConfigurationPlatforms) = preSolution
		Debug|Any CPU = Debug|Any CPU
		Release|Any CPU = Release|Any CPU
	EndGlobalSection
	GlobalSection(ProjectConfigurationPlatforms) = postSolution
		{0B900524-2F05-47AF-BDD3-5171B9124AE8}.Debug|Any CPU.ActiveCfg = Debug|Any CPU
		{0B900524-2F05-47AF-BDD3-5171B9124AE8}.Debug|Any CPU.Build.0 = Debug|Any CPU
		{0B900524-2F05-47AF-BDD3-5171B9124AE8}.Release|Any CPU.ActiveCfg = Release|Any CPU
		{0B900524-2F05-47AF-BDD3-5171B9124AE8}.Release|Any CPU.Build.0 = Release|Any CPU
		{314C816E-3E30-411A-8050-16CB85851BB6}.Debug|Any CPU.ActiveCfg = Debug|Any CPU
		{314C816E-3E30-411A-8050-16CB85851BB6}.Debug|Any CPU.Build.0 = Debug|Any CPU
		{314C816E-3E30-411A-8050-16CB85851BB6}.Release|Any CPU.ActiveCfg = Release|Any CPU
		{314C816E-3E30-411A-8050-16CB85851BB6}.Release|Any CPU.Build.0 = Release|Any CPU
		{DB64F631-7455-452A-B3B7-D5D50AC1E871}.Debug|Any CPU.ActiveCfg = Debug|Any CPU
		{DB64F631-7455-452A-B3B7-D5D50AC1E871}.Debug|Any CPU.Build.0 = Debug|Any CPU
		{DB64F631-7455-452A-B3B7-D5D50AC1E871}.Release|Any CPU.ActiveCfg = Release|Any CPU
		{DB64F631-7455-452A-B3B7-D5D50AC1E871}.Release|Any CPU.Build.0 = Release|Any CPU
	EndGlobalSection
	GlobalSection(SolutionProperties) = preSolution
		HideSolutionNode = FALSE
	EndGlobalSection
	GlobalSection(ExtensibilityGlobals) = postSolution
		SolutionGuid = {30553ED8-81D4-4DED-9F7E-D39CE758BD14}
	EndGlobalSection
EndGlobal
